
Microsoft Visual Studio Solution File, Format Version 12.00
# Visual Studio Version 16
VisualStudioVersion = 16.0.30011.22
MinimumVisualStudioVersion = 10.0.40219.1
Project("{FAE04EC0-301F-11D3-BF4B-00C04F79EFBC}") = "AEV7", "AEV7.csproj", "{A73AB40A-C03B-40BA-B24B-437361800444}"
EndProject
Global
	GlobalSection(SolutionConfigurationPlatforms) = preSolution
		Debug|Any CPU = Debug|Any CPU
		Release|Any CPU = Release|Any CPU
	EndGlobalSection
	GlobalSection(ProjectConfigurationPlatforms) = postSolution
		{A73AB40A-C03B-40BA-B24B-437361800444}.Debug|Any CPU.ActiveCfg = Debug|Any CPU
		{A73AB40A-C03B-40BA-B24B-437361800444}.Debug|Any CPU.Build.0 = Debug|Any CPU
		{A73AB40A-C03B-40BA-B24B-437361800444}.Release|Any CPU.ActiveCfg = Release|Any CPU
		{A73AB40A-C03B-40BA-B24B-437361800444}.Release|Any CPU.Build.0 = Release|Any CPU
	EndGlobalSection
	GlobalSection(SolutionProperties) = preSolution
		HideSolutionNode = FALSE
	EndGlobalSection
	GlobalSection(ExtensibilityGlobals) = postSolution
		SolutionGuid = {C0DB3B97-6948-4197-8BF1-4AF11784300B}
	EndGlobalSection
EndGlobal
